t73f.de/r/sx v0.0.0-20260430170512-81521a3000fe h1:+NmoakbArgU60faKOLdbSXp1+pVA2+P9EpjKYtP40p8=
t73f.de/r/sx v0.0.0-20260430170512-81521a3000fe/go.mod h1:WCICEsA//Zvt21fT2c9V34C2MlRzayLbAIo4hnO+zFU=
t73f.de/r/sxwebs v0.0.0-20260306080905-ae08a5a25a24 h1:hl3H+CQ9Ggb64qqTwnPYbk0s0K7nWM+vK1jw+V7ZaBo=
t73f.de/r/sxwebs v0.0.0-20260306080905-ae08a5a25a24/go.mod h1:O21yBsH3y4xan1oruvyRmRi6RD00lFAPaX2OoGFADm8=
t73f.de/r/webs v0.0.0-20260423145035-8b5236e98057 h1:hjPHRYhqviHezyyrZVV81Gj23RoGSMsQLaAmGOfMycI=
t73f.de/r/webs v0.0.0-20260423145035-8b5236e98057/go.mod h1:BuDLY6LV6r/jpu9nMVX4VbOtzvmulWnef9cJvF12oJg=
t73f.de/r/zero v0.0.0-20260423144457-bdfecd175594 h1:8lL8KSVS6L2cKPx8LYIkurzBZv517lZcwVzuRArgr+A=
t73f.de/r/zero v0.0.0-20260423144457-bdfecd175594/go.mod h1:KE6aqsi8tNfhUDERONkRjy3tV46gIXNHYOgd5I8OMt4=
t73f.de/r/zsx v0.0.0-20260306081015-97bc251a7ddd h1:SGEl+tfll1WuW4JvXBtLtYEnFy1pDu/xNpeGMSJFjdM=
t73f.de/r/zsx v0.0.0-20260306081015-97bc251a7ddd/go.mod h1:STdcI8T5X1yB2OaOVSmq9Y489mKH3XHuWKcV8tduoF4=
