t73f.de/r/sx v0.0.0-20250902163016-7a7a55d68dd6 h1:vOyPEfxXze8QjcfxJK5GHb68PzDw2EomRwdUyDLnBVw=
t73f.de/r/sx v0.0.0-20250902163016-7a7a55d68dd6/go.mod h1:D4NKzI2FRtNW0zCcvf+yCEplfoSnZAXiax9otvasu0w=
t73f.de/r/sxwebs v0.0.0-20250902155414-673110c9fb48 h1:LCZQsACNivE0NkA6B296yTdHIN1wl88iAdx0J5pHzlA=
t73f.de/r/sxwebs v0.0.0-20250902155414-673110c9fb48/go.mod h1:yOrGohF5eS9fcVR6Posxfv7PVDldqxEC1ZucTddhBPI=
t73f.de/r/webs v0.0.0-20250916082100-37e0307e3368 h1:ul8l/OIWIlMDyt1Zc8N9dcTfXiT+p6o+6QUZbUp1Wqc=
t73f.de/r/webs v0.0.0-20250916082100-37e0307e3368/go.mod h1:G3vn6fCTvYWwQby5cVNmXzHlOGhgBDfbbo/9OgIxy0g=
t73f.de/r/zero v0.0.0-20250904163008-d96be3da2aef h1:ShqDx4DjirNThBlObVbmUqUwDuQ7qndxdFxBHs5Ui2Y=
t73f.de/r/zero v0.0.0-20250904163008-d96be3da2aef/go.mod h1:cNaE2o9BWPFqLkmDuYaWrMJQS7GOo+wwmB9y8VfAF6c=
t73f.de/r/zsx v0.0.0-20250929135825-449ce73c938b h1:lx0PkH+N8D7n7BvtalbaS8+GPwvlve/WUF/EfE0wqdI=
t73f.de/r/zsx v0.0.0-20250929135825-449ce73c938b/go.mod h1:/JvaST9OR796HoQv23GBfRlbZAtn+qgEuYOnesf1qyo=
